
Microsoft Visual Studio Solution File, Format Version 12.00
# Visual Studio 15
VisualStudioVersion = 15.0.27703.2026
MinimumVisualStudioVersion = 10.0.40219.1
Project("{FAE04EC0-301F-11D3-BF4B-00C04F79EFBC}") = "OBS_OCR", "OBS_OCR\OBS_OCR.csproj", "{72CAE356-B5A4-40F8-9DB9-696F307443ED}"
EndProject
Global
	GlobalSection(SolutionConfigurationPlatforms) = preSolution
		Debug|Any CPU = Debug|Any CPU
		Release|Any CPU = Release|Any CPU
	EndGlobalSection
	GlobalSection(ProjectConfigurationPlatforms) = postSolution
		{72CAE356-B5A4-40F8-9DB9-696F307443ED}.Debug|Any CPU.ActiveCfg = Debug|Any CPU
		{72CAE356-B5A4-40F8-9DB9-696F307443ED}.Debug|Any CPU.Build.0 = Debug|Any CPU
		{72CAE356-B5A4-40F8-9DB9-696F307443ED}.Release|Any CPU.ActiveCfg = Release|Any CPU
		{72CAE356-B5A4-40F8-9DB9-696F307443ED}.Release|Any CPU.Build.0 = Release|Any CPU
	EndGlobalSection
	GlobalSection(SolutionProperties) = preSolution
		HideSolutionNode = FALSE
	EndGlobalSection
	GlobalSection(ExtensibilityGlobals) = postSolution
		SolutionGuid = {90971AB6-9BA3-457F-802D-3680A3FF87A7}
	EndGlobalSection
EndGlobal
